
Microsoft Visual Studio Solution File, Format Version 12.00
# Visual Studio Version 17
VisualStudioVersion = 17.3.32819.101
MinimumVisualStudioVersion = 10.0.40219.1
Project("{2150E333-8FDC-42A3-9474-1A3956D46DE8}") = "Items", "Items", "{6E1FB900-B1D0-4885-A644-175C6B56795A}"
	ProjectSection(SolutionItems) = preProject
		AlignedMem.h = AlignedMem.h
		Benchmark.h = Benchmark.h
		cmpequ.asmh = cmpequ.asmh
		ZmmVal.h = ZmmVal.h
	EndProjectSection
EndProject
Project("{8BC9CEB8-8B4A-11D0-8D11-00A0C91BC942}") = "ch13_08", "ch13_08.cpp\ch13_08.cpp.vcxproj", "{F5E2B715-4FBB-4BF1-B637-A82F5B2DAC79}"
EndProject
Global
	GlobalSection(SolutionConfigurationPlatforms) = preSolution
		Debug|x64 = Debug|x64
		Debug|x86 = Debug|x86
		Release|x64 = Release|x64
		Release|x86 = Release|x86
	EndGlobalSection
	GlobalSection(ProjectConfigurationPlatforms) = postSolution
		{F5E2B715-4FBB-4BF1-B637-A82F5B2DAC79}.Debug|x64.ActiveCfg = Debug|x64
		{F5E2B715-4FBB-4BF1-B637-A82F5B2DAC79}.Debug|x64.Build.0 = Debug|x64
		{F5E2B715-4FBB-4BF1-B637-A82F5B2DAC79}.Debug|x86.ActiveCfg = Debug|Win32
		{F5E2B715-4FBB-4BF1-B637-A82F5B2DAC79}.Debug|x86.Build.0 = Debug|Win32
		{F5E2B715-4FBB-4BF1-B637-A82F5B2DAC79}.Release|x64.ActiveCfg = Release|x64
		{F5E2B715-4FBB-4BF1-B637-A82F5B2DAC79}.Release|x64.Build.0 = Release|x64
		{F5E2B715-4FBB-4BF1-B637-A82F5B2DAC79}.Release|x86.ActiveCfg = Release|Win32
		{F5E2B715-4FBB-4BF1-B637-A82F5B2DAC79}.Release|x86.Build.0 = Release|Win32
	EndGlobalSection
	GlobalSection(SolutionProperties) = preSolution
		HideSolutionNode = FALSE
	EndGlobalSection
	GlobalSection(ExtensibilityGlobals) = postSolution
		SolutionGuid = {56AFB976-E729-4330-9CB7-B8AB223014ED}
	EndGlobalSection
EndGlobal
